Microsoft Visual Studio Solution File, Format Version 12.00
# Visual Studio 14
Project("{8BC9CEB8-8B4A-11D0-8D11-00A0C91BC942}") = "ALL_BUILD", "ALL_BUILD.vcxproj", "{5B1C2326-D031-4A4E-9042-2D87095F583F}"
	ProjectSection(ProjectDependencies) = postProject
		{7F552315-672C-40E7-98FB-69BFA25A9442} = {7F552315-672C-40E7-98FB-69BFA25A9442}
		{288FD9EF-CFE9-4521-AC63-3BE76EA7B5BA} = {288FD9EF-CFE9-4521-AC63-3BE76EA7B5BA}
		{A82749E7-5F72-4332-9D33-5D473FBD8DC9} = {A82749E7-5F72-4332-9D33-5D473FBD8DC9}
		{FF0F67B3-6427-4642-9993-AF9E8544CD02} = {FF0F67B3-6427-4642-9993-AF9E8544CD02}
		{F6C33EB6-9BE0-4376-834D-76780773F658} = {F6C33EB6-9BE0-4376-834D-76780773F658}
		{FCE1B20B-1659-4025-8B69-6C6D410E1D77} = {FCE1B20B-1659-4025-8B69-6C6D410E1D77}
		{D6EB38D2-3B0E-46D1-BB9F-66B11533941B} = {D6EB38D2-3B0E-46D1-BB9F-66B11533941B}
		{F49E0909-D75C-45F1-AA7E-0CDF145A622A} = {F49E0909-D75C-45F1-AA7E-0CDF145A622A}
		{004A6967-275D-4324-A511-6B0BCA415F48} = {004A6967-275D-4324-A511-6B0BCA415F48}
		{556F44C4-CEC4-4F48-AC9C-E7CA65B94CAE} = {556F44C4-CEC4-4F48-AC9C-E7CA65B94CAE}
		{76C14D74-A090-45F0-A8FB-33CDB8E0605F} = {76C14D74-A090-45F0-A8FB-33CDB8E0605F}
		{63547181-DCEB-40C7-90F9-13989542E074} = {63547181-DCEB-40C7-90F9-13989542E074}
		{94389DD0-9745-48EF-BC08-921CC6A62ED9} = {94389DD0-9745-48EF-BC08-921CC6A62ED9}
		{3F193AC3-DF88-4425-81B5-DEF53F8F5D11} = {3F193AC3-DF88-4425-81B5-DEF53F8F5D11}
		{FBF10366-DEB1-42D7-850D-A05BD8CBF1A6} = {FBF10366-DEB1-42D7-850D-A05BD8CBF1A6}
		{A8243310-E94D-41DE-B3B1-CE0FA36DA90C} = {A8243310-E94D-41DE-B3B1-CE0FA36DA90C}
		{53409205-3867-4415-B084-5E5CEFDBC30A} = {53409205-3867-4415-B084-5E5CEFDBC30A}
		{2D7A05D6-6DDC-4527-9D45-3E9397C453CF} = {2D7A05D6-6DDC-4527-9D45-3E9397C453CF}
		{4F53EE97-6538-4F49-BE5F-92421E3EF2C6} = {4F53EE97-6538-4F49-BE5F-92421E3EF2C6}
		{5DF4E7E1-3E3D-4635-BF10-0943667FAACF} = {5DF4E7E1-3E3D-4635-BF10-0943667FAACF}
		{0B30DBF2-7702-4B6E-AD5E-3CFAD9112633} = {0B30DBF2-7702-4B6E-AD5E-3CFAD9112633}
		{83D70332-CBBA-4E1C-B86A-4C24914A7873} = {83D70332-CBBA-4E1C-B86A-4C24914A7873}
		{419B2B8F-14BA-4434-B87B-52B34AD5213B} = {419B2B8F-14BA-4434-B87B-52B34AD5213B}
		{B9A24A15-0EDF-4D6A-A9B3-F4CF7619DF1E} = {B9A24A15-0EDF-4D6A-A9B3-F4CF7619DF1E}
		{EC40B2FA-142E-4504-8DC2-7104058CB1D2} = {EC40B2FA-142E-4504-8DC2-7104058CB1D2}
	EndProjectSection
EndProject
Project("{8BC9CEB8-8B4A-11D0-8D11-00A0C91BC942}") = "INSTALL", "INSTALL.vcxproj", "{9D494AD6-FB12-4431-88F3-8209CD7FD897}"
	ProjectSection(ProjectDependencies) = postProject
		{5B1C2326-D031-4A4E-9042-2D87095F583F} = {5B1C2326-D031-4A4E-9042-2D87095F583F}
	EndProjectSection
EndProject
Project("{8BC9CEB8-8B4A-11D0-8D11-00A0C91BC942}") = "ZERO_CHECK", "ZERO_CHECK.vcxproj", "{7F552315-672C-40E7-98FB-69BFA25A9442}"
	ProjectSection(ProjectDependencies) = postProject
	EndProjectSection
EndProject
Project("{8BC9CEB8-8B4A-11D0-8D11-00A0C91BC942}") = "boing", "examples\boing.vcxproj", "{288FD9EF-CFE9-4521-AC63-3BE76EA7B5BA}"
	ProjectSection(ProjectDependencies) = postProject
		{7F552315-672C-40E7-98FB-69BFA25A9442} = {7F552315-672C-40E7-98FB-69BFA25A9442}
		{004A6967-275D-4324-A511-6B0BCA415F48} = {004A6967-275D-4324-A511-6B0BCA415F48}
	EndProjectSection
EndProject
Project("{8BC9CEB8-8B4A-11D0-8D11-00A0C91BC942}") = "clipboard", "tests\clipboard.vcxproj", "{A82749E7-5F72-4332-9D33-5D473FBD8DC9}"
	ProjectSection(ProjectDependencies) = postProject
		{7F552315-672C-40E7-98FB-69BFA25A9442} = {7F552315-672C-40E7-98FB-69BFA25A9442}
		{004A6967-275D-4324-A511-6B0BCA415F48} = {004A6967-275D-4324-A511-6B0BCA415F48}
	EndProjectSection
EndProject
Project("{8BC9CEB8-8B4A-11D0-8D11-00A0C91BC942}") = "cursor", "tests\cursor.vcxproj", "{FF0F67B3-6427-4642-9993-AF9E8544CD02}"
	ProjectSection(ProjectDependencies) = postProject
		{7F552315-672C-40E7-98FB-69BFA25A9442} = {7F552315-672C-40E7-98FB-69BFA25A9442}
		{004A6967-275D-4324-A511-6B0BCA415F48} = {004A6967-275D-4324-A511-6B0BCA415F48}
	EndProjectSection
EndProject
Project("{8BC9CEB8-8B4A-11D0-8D11-00A0C91BC942}") = "empty", "tests\empty.vcxproj", "{F6C33EB6-9BE0-4376-834D-76780773F658}"
	ProjectSection(ProjectDependencies) = postProject
		{7F552315-672C-40E7-98FB-69BFA25A9442} = {7F552315-672C-40E7-98FB-69BFA25A9442}
		{004A6967-275D-4324-A511-6B0BCA415F48} = {004A6967-275D-4324-A511-6B0BCA415F48}
	EndProjectSection
EndProject
Project("{8BC9CEB8-8B4A-11D0-8D11-00A0C91BC942}") = "events", "tests\events.vcxproj", "{FCE1B20B-1659-4025-8B69-6C6D410E1D77}"
	ProjectSection(ProjectDependencies) = postProject
		{7F552315-672C-40E7-98FB-69BFA25A9442} = {7F552315-672C-40E7-98FB-69BFA25A9442}
		{004A6967-275D-4324-A511-6B0BCA415F48} = {004A6967-275D-4324-A511-6B0BCA415F48}
	EndProjectSection
EndProject
Project("{8BC9CEB8-8B4A-11D0-8D11-00A0C91BC942}") = "gamma", "tests\gamma.vcxproj", "{D6EB38D2-3B0E-46D1-BB9F-66B11533941B}"
	ProjectSection(ProjectDependencies) = postProject
		{7F552315-672C-40E7-98FB-69BFA25A9442} = {7F552315-672C-40E7-98FB-69BFA25A9442}
		{004A6967-275D-4324-A511-6B0BCA415F48} = {004A6967-275D-4324-A511-6B0BCA415F48}
	EndProjectSection
EndProject
Project("{8BC9CEB8-8B4A-11D0-8D11-00A0C91BC942}") = "gears", "examples\gears.vcxproj", "{F49E0909-D75C-45F1-AA7E-0CDF145A622A}"
	ProjectSection(ProjectDependencies) = postProject
		{7F552315-672C-40E7-98FB-69BFA25A9442} = {7F552315-672C-40E7-98FB-69BFA25A9442}
		{004A6967-275D-4324-A511-6B0BCA415F48} = {004A6967-275D-4324-A511-6B0BCA415F48}
	EndProjectSection
EndProject
Project("{8BC9CEB8-8B4A-11D0-8D11-00A0C91BC942}") = "glfw", "src\glfw.vcxproj", "{004A6967-275D-4324-A511-6B0BCA415F48}"
	ProjectSection(ProjectDependencies) = postProject
		{7F552315-672C-40E7-98FB-69BFA25A9442} = {7F552315-672C-40E7-98FB-69BFA25A9442}
	EndProjectSection
EndProject
Project("{8BC9CEB8-8B4A-11D0-8D11-00A0C91BC942}") = "glfwinfo", "tests\glfwinfo.vcxproj", "{556F44C4-CEC4-4F48-AC9C-E7CA65B94CAE}"
	ProjectSection(ProjectDependencies) = postProject
		{7F552315-672C-40E7-98FB-69BFA25A9442} = {7F552315-672C-40E7-98FB-69BFA25A9442}
		{004A6967-275D-4324-A511-6B0BCA415F48} = {004A6967-275D-4324-A511-6B0BCA415F48}
	EndProjectSection
EndProject
Project("{8BC9CEB8-8B4A-11D0-8D11-00A0C91BC942}") = "heightmap", "examples\heightmap.vcxproj", "{76C14D74-A090-45F0-A8FB-33CDB8E0605F}"
	ProjectSection(ProjectDependencies) = postProject
		{7F552315-672C-40E7-98FB-69BFA25A9442} = {7F552315-672C-40E7-98FB-69BFA25A9442}
		{004A6967-275D-4324-A511-6B0BCA415F48} = {004A6967-275D-4324-A511-6B0BCA415F48}
	EndProjectSection
EndProject
Project("{8BC9CEB8-8B4A-11D0-8D11-00A0C91BC942}") = "iconify", "tests\iconify.vcxproj", "{63547181-DCEB-40C7-90F9-13989542E074}"
	ProjectSection(ProjectDependencies) = postProject
		{7F552315-672C-40E7-98FB-69BFA25A9442} = {7F552315-672C-40E7-98FB-69BFA25A9442}
		{004A6967-275D-4324-A511-6B0BCA415F48} = {004A6967-275D-4324-A511-6B0BCA415F48}
	EndProjectSection
EndProject
Project("{8BC9CEB8-8B4A-11D0-8D11-00A0C91BC942}") = "joysticks", "tests\joysticks.vcxproj", "{94389DD0-9745-48EF-BC08-921CC6A62ED9}"
	ProjectSection(ProjectDependencies) = postProject
		{7F552315-672C-40E7-98FB-69BFA25A9442} = {7F552315-672C-40E7-98FB-69BFA25A9442}
		{004A6967-275D-4324-A511-6B0BCA415F48} = {004A6967-275D-4324-A511-6B0BCA415F48}
	EndProjectSection
EndProject
Project("{8BC9CEB8-8B4A-11D0-8D11-00A0C91BC942}") = "monitors", "tests\monitors.vcxproj", "{3F193AC3-DF88-4425-81B5-DEF53F8F5D11}"
	ProjectSection(ProjectDependencies) = postProject
		{7F552315-672C-40E7-98FB-69BFA25A9442} = {7F552315-672C-40E7-98FB-69BFA25A9442}
		{004A6967-275D-4324-A511-6B0BCA415F48} = {004A6967-275D-4324-A511-6B0BCA415F48}
	EndProjectSection
EndProject
Project("{8BC9CEB8-8B4A-11D0-8D11-00A0C91BC942}") = "msaa", "tests\msaa.vcxproj", "{FBF10366-DEB1-42D7-850D-A05BD8CBF1A6}"
	ProjectSection(ProjectDependencies) = postProject
		{7F552315-672C-40E7-98FB-69BFA25A9442} = {7F552315-672C-40E7-98FB-69BFA25A9442}
		{004A6967-275D-4324-A511-6B0BCA415F48} = {004A6967-275D-4324-A511-6B0BCA415F48}
	EndProjectSection
EndProject
Project("{8BC9CEB8-8B4A-11D0-8D11-00A0C91BC942}") = "particles", "examples\particles.vcxproj", "{A8243310-E94D-41DE-B3B1-CE0FA36DA90C}"
	ProjectSection(ProjectDependencies) = postProject
		{7F552315-672C-40E7-98FB-69BFA25A9442} = {7F552315-672C-40E7-98FB-69BFA25A9442}
		{004A6967-275D-4324-A511-6B0BCA415F48} = {004A6967-275D-4324-A511-6B0BCA415F48}
	EndProjectSection
EndProject
Project("{8BC9CEB8-8B4A-11D0-8D11-00A0C91BC942}") = "reopen", "tests\reopen.vcxproj", "{53409205-3867-4415-B084-5E5CEFDBC30A}"
	ProjectSection(ProjectDependencies) = postProject
		{7F552315-672C-40E7-98FB-69BFA25A9442} = {7F552315-672C-40E7-98FB-69BFA25A9442}
		{004A6967-275D-4324-A511-6B0BCA415F48} = {004A6967-275D-4324-A511-6B0BCA415F48}
	EndProjectSection
EndProject
Project("{8BC9CEB8-8B4A-11D0-8D11-00A0C91BC942}") = "sharing", "tests\sharing.vcxproj", "{2D7A05D6-6DDC-4527-9D45-3E9397C453CF}"
	ProjectSection(ProjectDependencies) = postProject
		{7F552315-672C-40E7-98FB-69BFA25A9442} = {7F552315-672C-40E7-98FB-69BFA25A9442}
		{004A6967-275D-4324-A511-6B0BCA415F48} = {004A6967-275D-4324-A511-6B0BCA415F48}
	EndProjectSection
EndProject
Project("{8BC9CEB8-8B4A-11D0-8D11-00A0C91BC942}") = "simple", "examples\simple.vcxproj", "{4F53EE97-6538-4F49-BE5F-92421E3EF2C6}"
	ProjectSection(ProjectDependencies) = postProject
		{7F552315-672C-40E7-98FB-69BFA25A9442} = {7F552315-672C-40E7-98FB-69BFA25A9442}
		{004A6967-275D-4324-A511-6B0BCA415F48} = {004A6967-275D-4324-A511-6B0BCA415F48}
	EndProjectSection
EndProject
Project("{8BC9CEB8-8B4A-11D0-8D11-00A0C91BC942}") = "splitview", "examples\splitview.vcxproj", "{5DF4E7E1-3E3D-4635-BF10-0943667FAACF}"
	ProjectSection(ProjectDependencies) = postProject
		{7F552315-672C-40E7-98FB-69BFA25A9442} = {7F552315-672C-40E7-98FB-69BFA25A9442}
		{004A6967-275D-4324-A511-6B0BCA415F48} = {004A6967-275D-4324-A511-6B0BCA415F48}
	EndProjectSection
EndProject
Project("{8BC9CEB8-8B4A-11D0-8D11-00A0C91BC942}") = "tearing", "tests\tearing.vcxproj", "{0B30DBF2-7702-4B6E-AD5E-3CFAD9112633}"
	ProjectSection(ProjectDependencies) = postProject
		{7F552315-672C-40E7-98FB-69BFA25A9442} = {7F552315-672C-40E7-98FB-69BFA25A9442}
		{004A6967-275D-4324-A511-6B0BCA415F48} = {004A6967-275D-4324-A511-6B0BCA415F48}
	EndProjectSection
EndProject
Project("{8BC9CEB8-8B4A-11D0-8D11-00A0C91BC942}") = "threads", "tests\threads.vcxproj", "{83D70332-CBBA-4E1C-B86A-4C24914A7873}"
	ProjectSection(ProjectDependencies) = postProject
		{7F552315-672C-40E7-98FB-69BFA25A9442} = {7F552315-672C-40E7-98FB-69BFA25A9442}
		{004A6967-275D-4324-A511-6B0BCA415F48} = {004A6967-275D-4324-A511-6B0BCA415F48}
	EndProjectSection
EndProject
Project("{8BC9CEB8-8B4A-11D0-8D11-00A0C91BC942}") = "title", "tests\title.vcxproj", "{419B2B8F-14BA-4434-B87B-52B34AD5213B}"
	ProjectSection(ProjectDependencies) = postProject
		{7F552315-672C-40E7-98FB-69BFA25A9442} = {7F552315-672C-40E7-98FB-69BFA25A9442}
		{004A6967-275D-4324-A511-6B0BCA415F48} = {004A6967-275D-4324-A511-6B0BCA415F48}
	EndProjectSection
EndProject
Project("{8BC9CEB8-8B4A-11D0-8D11-00A0C91BC942}") = "uninstall", "uninstall.vcxproj", "{1DA2A1BE-5BB2-495D-9BA8-A56C9E933378}"
	ProjectSection(ProjectDependencies) = postProject
		{7F552315-672C-40E7-98FB-69BFA25A9442} = {7F552315-672C-40E7-98FB-69BFA25A9442}
	EndProjectSection
EndProject
Project("{8BC9CEB8-8B4A-11D0-8D11-00A0C91BC942}") = "wave", "examples\wave.vcxproj", "{B9A24A15-0EDF-4D6A-A9B3-F4CF7619DF1E}"
	ProjectSection(ProjectDependencies) = postProject
		{7F552315-672C-40E7-98FB-69BFA25A9442} = {7F552315-672C-40E7-98FB-69BFA25A9442}
		{004A6967-275D-4324-A511-6B0BCA415F48} = {004A6967-275D-4324-A511-6B0BCA415F48}
	EndProjectSection
EndProject
Project("{8BC9CEB8-8B4A-11D0-8D11-00A0C91BC942}") = "windows", "tests\windows.vcxproj", "{EC40B2FA-142E-4504-8DC2-7104058CB1D2}"
	ProjectSection(ProjectDependencies) = postProject
		{7F552315-672C-40E7-98FB-69BFA25A9442} = {7F552315-672C-40E7-98FB-69BFA25A9442}
		{004A6967-275D-4324-A511-6B0BCA415F48} = {004A6967-275D-4324-A511-6B0BCA415F48}
	EndProjectSection
EndProject
Project("{2150E333-8FDC-42A3-9474-1A3956D46DE8}") = "CMakePredefinedTargets", "CMakePredefinedTargets", "{8317F03B-D782-48E9-8A00-0D5A897E4718}"
EndProject
Project("{2150E333-8FDC-42A3-9474-1A3956D46DE8}") = "GLFW3", "GLFW3", "{9AEFE637-F377-4578-8DB8-9AC675293ECF}"
EndProject
Project("{2150E333-8FDC-42A3-9474-1A3956D46DE8}") = "Examples", "GLFW3\Examples", "{AA69E960-F202-4EC6-911F-F5EF7C6A3EAF}"
EndProject
Project("{2150E333-8FDC-42A3-9474-1A3956D46DE8}") = "Tests", "GLFW3\Tests", "{1BED8A7F-6DBE-457C-930D-8822E5058A16}"
EndProject
Global
	GlobalSection(SolutionConfigurationPlatforms) = preSolution
		Debug|Win32 = Debug|Win32
		Release|Win32 = Release|Win32
		MinSizeRel|Win32 = MinSizeRel|Win32
		RelWithDebInfo|Win32 = RelWithDebInfo|Win32
	EndGlobalSection
	GlobalSection(ProjectConfigurationPlatforms) = postSolution
		{5B1C2326-D031-4A4E-9042-2D87095F583F}.Debug|Win32.ActiveCfg = Debug|Win32
		{5B1C2326-D031-4A4E-9042-2D87095F583F}.Debug|Win32.Build.0 = Debug|Win32
		{5B1C2326-D031-4A4E-9042-2D87095F583F}.Release|Win32.ActiveCfg = Release|Win32
		{5B1C2326-D031-4A4E-9042-2D87095F583F}.Release|Win32.Build.0 = Release|Win32
		{5B1C2326-D031-4A4E-9042-2D87095F583F}.MinSizeRel|Win32.ActiveCfg = MinSizeRel|Win32
		{5B1C2326-D031-4A4E-9042-2D87095F583F}.MinSizeRel|Win32.Build.0 = MinSizeRel|Win32
		{5B1C2326-D031-4A4E-9042-2D87095F583F}.RelWithDebInfo|Win32.ActiveCfg = RelWithDebInfo|Win32
		{5B1C2326-D031-4A4E-9042-2D87095F583F}.RelWithDebInfo|Win32.Build.0 = RelWithDebInfo|Win32
		{9D494AD6-FB12-4431-88F3-8209CD7FD897}.Debug|Win32.ActiveCfg = Debug|Win32
		{9D494AD6-FB12-4431-88F3-8209CD7FD897}.Release|Win32.ActiveCfg = Release|Win32
		{9D494AD6-FB12-4431-88F3-8209CD7FD897}.MinSizeRel|Win32.ActiveCfg = MinSizeRel|Win32
		{9D494AD6-FB12-4431-88F3-8209CD7FD897}.RelWithDebInfo|Win32.ActiveCfg = RelWithDebInfo|Win32
		{7F552315-672C-40E7-98FB-69BFA25A9442}.Debug|Win32.ActiveCfg = Debug|Win32
		{7F552315-672C-40E7-98FB-69BFA25A9442}.Debug|Win32.Build.0 = Debug|Win32
		{7F552315-672C-40E7-98FB-69BFA25A9442}.Release|Win32.ActiveCfg = Release|Win32
		{7F552315-672C-40E7-98FB-69BFA25A9442}.Release|Win32.Build.0 = Release|Win32
		{7F552315-672C-40E7-98FB-69BFA25A9442}.MinSizeRel|Win32.ActiveCfg = MinSizeRel|Win32
		{7F552315-672C-40E7-98FB-69BFA25A9442}.MinSizeRel|Win32.Build.0 = MinSizeRel|Win32
		{7F552315-672C-40E7-98FB-69BFA25A9442}.RelWithDebInfo|Win32.ActiveCfg = RelWithDebInfo|Win32
		{7F552315-672C-40E7-98FB-69BFA25A9442}.RelWithDebInfo|Win32.Build.0 = RelWithDebInfo|Win32
		{288FD9EF-CFE9-4521-AC63-3BE76EA7B5BA}.Debug|Win32.ActiveCfg = Debug|Win32
		{288FD9EF-CFE9-4521-AC63-3BE76EA7B5BA}.Debug|Win32.Build.0 = Debug|Win32
		{288FD9EF-CFE9-4521-AC63-3BE76EA7B5BA}.Release|Win32.ActiveCfg = Release|Win32
		{288FD9EF-CFE9-4521-AC63-3BE76EA7B5BA}.Release|Win32.Build.0 = Release|Win32
		{288FD9EF-CFE9-4521-AC63-3BE76EA7B5BA}.MinSizeRel|Win32.ActiveCfg = MinSizeRel|Win32
		{288FD9EF-CFE9-4521-AC63-3BE76EA7B5BA}.MinSizeRel|Win32.Build.0 = MinSizeRel|Win32
		{288FD9EF-CFE9-4521-AC63-3BE76EA7B5BA}.RelWithDebInfo|Win32.ActiveCfg = RelWithDebInfo|Win32
		{288FD9EF-CFE9-4521-AC63-3BE76EA7B5BA}.RelWithDebInfo|Win32.Build.0 = RelWithDebInfo|Win32
		{A82749E7-5F72-4332-9D33-5D473FBD8DC9}.Debug|Win32.ActiveCfg = Debug|Win32
		{A82749E7-5F72-4332-9D33-5D473FBD8DC9}.Debug|Win32.Build.0 = Debug|Win32
		{A82749E7-5F72-4332-9D33-5D473FBD8DC9}.Release|Win32.ActiveCfg = Release|Win32
		{A82749E7-5F72-4332-9D33-5D473FBD8DC9}.Release|Win32.Build.0 = Release|Win32
		{A82749E7-5F72-4332-9D33-5D473FBD8DC9}.MinSizeRel|Win32.ActiveCfg = MinSizeRel|Win32
		{A82749E7-5F72-4332-9D33-5D473FBD8DC9}.MinSizeRel|Win32.Build.0 = MinSizeRel|Win32
		{A82749E7-5F72-4332-9D33-5D473FBD8DC9}.RelWithDebInfo|Win32.ActiveCfg = RelWithDebInfo|Win32
		{A82749E7-5F72-4332-9D33-5D473FBD8DC9}.RelWithDebInfo|Win32.Build.0 = RelWithDebInfo|Win32
		{FF0F67B3-6427-4642-9993-AF9E8544CD02}.Debug|Win32.ActiveCfg = Debug|Win32
		{FF0F67B3-6427-4642-9993-AF9E8544CD02}.Debug|Win32.Build.0 = Debug|Win32
		{FF0F67B3-6427-4642-9993-AF9E8544CD02}.Release|Win32.ActiveCfg = Release|Win32
		{FF0F67B3-6427-4642-9993-AF9E8544CD02}.Release|Win32.Build.0 = Release|Win32
		{FF0F67B3-6427-4642-9993-AF9E8544CD02}.MinSizeRel|Win32.ActiveCfg = MinSizeRel|Win32
		{FF0F67B3-6427-4642-9993-AF9E8544CD02}.MinSizeRel|Win32.Build.0 = MinSizeRel|Win32
		{FF0F67B3-6427-4642-9993-AF9E8544CD02}.RelWithDebInfo|Win32.ActiveCfg = RelWithDebInfo|Win32
		{FF0F67B3-6427-4642-9993-AF9E8544CD02}.RelWithDebInfo|Win32.Build.0 = RelWithDebInfo|Win32
		{F6C33EB6-9BE0-4376-834D-76780773F658}.Debug|Win32.ActiveCfg = Debug|Win32
		{F6C33EB6-9BE0-4376-834D-76780773F658}.Debug|Win32.Build.0 = Debug|Win32
		{F6C33EB6-9BE0-4376-834D-76780773F658}.Release|Win32.ActiveCfg = Release|Win32
		{F6C33EB6-9BE0-4376-834D-76780773F658}.Release|Win32.Build.0 = Release|Win32
		{F6C33EB6-9BE0-4376-834D-76780773F658}.MinSizeRel|Win32.ActiveCfg = MinSizeRel|Win32
		{F6C33EB6-9BE0-4376-834D-76780773F658}.MinSizeRel|Win32.Build.0 = MinSizeRel|Win32
		{F6C33EB6-9BE0-4376-834D-76780773F658}.RelWithDebInfo|Win32.ActiveCfg = RelWithDebInfo|Win32
		{F6C33EB6-9BE0-4376-834D-76780773F658}.RelWithDebInfo|Win32.Build.0 = RelWithDebInfo|Win32
		{FCE1B20B-1659-4025-8B69-6C6D410E1D77}.Debug|Win32.ActiveCfg = Debug|Win32
		{FCE1B20B-1659-4025-8B69-6C6D410E1D77}.Debug|Win32.Build.0 = Debug|Win32
		{FCE1B20B-1659-4025-8B69-6C6D410E1D77}.Release|Win32.ActiveCfg = Release|Win32
		{FCE1B20B-1659-4025-8B69-6C6D410E1D77}.Release|Win32.Build.0 = Release|Win32
		{FCE1B20B-1659-4025-8B69-6C6D410E1D77}.MinSizeRel|Win32.ActiveCfg = MinSizeRel|Win32
		{FCE1B20B-1659-4025-8B69-6C6D410E1D77}.MinSizeRel|Win32.Build.0 = MinSizeRel|Win32
		{FCE1B20B-1659-4025-8B69-6C6D410E1D77}.RelWithDebInfo|Win32.ActiveCfg = RelWithDebInfo|Win32
		{FCE1B20B-1659-4025-8B69-6C6D410E1D77}.RelWithDebInfo|Win32.Build.0 = RelWithDebInfo|Win32
		{D6EB38D2-3B0E-46D1-BB9F-66B11533941B}.Debug|Win32.ActiveCfg = Debug|Win32
		{D6EB38D2-3B0E-46D1-BB9F-66B11533941B}.Debug|Win32.Build.0 = Debug|Win32
		{D6EB38D2-3B0E-46D1-BB9F-66B11533941B}.Release|Win32.ActiveCfg = Release|Win32
		{D6EB38D2-3B0E-46D1-BB9F-66B11533941B}.Release|Win32.Build.0 = Release|Win32
		{D6EB38D2-3B0E-46D1-BB9F-66B11533941B}.MinSizeRel|Win32.ActiveCfg = MinSizeRel|Win32
		{D6EB38D2-3B0E-46D1-BB9F-66B11533941B}.MinSizeRel|Win32.Build.0 = MinSizeRel|Win32
		{D6EB38D2-3B0E-46D1-BB9F-66B11533941B}.RelWithDebInfo|Win32.ActiveCfg = RelWithDebInfo|Win32
		{D6EB38D2-3B0E-46D1-BB9F-66B11533941B}.RelWithDebInfo|Win32.Build.0 = RelWithDebInfo|Win32
		{F49E0909-D75C-45F1-AA7E-0CDF145A622A}.Debug|Win32.ActiveCfg = Debug|Win32
		{F49E0909-D75C-45F1-AA7E-0CDF145A622A}.Debug|Win32.Build.0 = Debug|Win32
		{F49E0909-D75C-45F1-AA7E-0CDF145A622A}.Release|Win32.ActiveCfg = Release|Win32
		{F49E0909-D75C-45F1-AA7E-0CDF145A622A}.Release|Win32.Build.0 = Release|Win32
		{F49E0909-D75C-45F1-AA7E-0CDF145A622A}.MinSizeRel|Win32.ActiveCfg = MinSizeRel|Win32
		{F49E0909-D75C-45F1-AA7E-0CDF145A622A}.MinSizeRel|Win32.Build.0 = MinSizeRel|Win32
		{F49E0909-D75C-45F1-AA7E-0CDF145A622A}.RelWithDebInfo|Win32.ActiveCfg = RelWithDebInfo|Win32
		{F49E0909-D75C-45F1-AA7E-0CDF145A622A}.RelWithDebInfo|Win32.Build.0 = RelWithDebInfo|Win32
		{004A6967-275D-4324-A511-6B0BCA415F48}.Debug|Win32.ActiveCfg = Debug|Win32
		{004A6967-275D-4324-A511-6B0BCA415F48}.Debug|Win32.Build.0 = Debug|Win32
		{004A6967-275D-4324-A511-6B0BCA415F48}.Release|Win32.ActiveCfg = Release|Win32
		{004A6967-275D-4324-A511-6B0BCA415F48}.Release|Win32.Build.0 = Release|Win32
		{004A6967-275D-4324-A511-6B0BCA415F48}.MinSizeRel|Win32.ActiveCfg = MinSizeRel|Win32
		{004A6967-275D-4324-A511-6B0BCA415F48}.MinSizeRel|Win32.Build.0 = MinSizeRel|Win32
		{004A6967-275D-4324-A511-6B0BCA415F48}.RelWithDebInfo|Win32.ActiveCfg = RelWithDebInfo|Win32
		{004A6967-275D-4324-A511-6B0BCA415F48}.RelWithDebInfo|Win32.Build.0 = RelWithDebInfo|Win32
		{556F44C4-CEC4-4F48-AC9C-E7CA65B94CAE}.Debug|Win32.ActiveCfg = Debug|Win32
		{556F44C4-CEC4-4F48-AC9C-E7CA65B94CAE}.Debug|Win32.Build.0 = Debug|Win32
		{556F44C4-CEC4-4F48-AC9C-E7CA65B94CAE}.Release|Win32.ActiveCfg = Release|Win32
		{556F44C4-CEC4-4F48-AC9C-E7CA65B94CAE}.Release|Win32.Build.0 = Release|Win32
		{556F44C4-CEC4-4F48-AC9C-E7CA65B94CAE}.MinSizeRel|Win32.ActiveCfg = MinSizeRel|Win32
		{556F44C4-CEC4-4F48-AC9C-E7CA65B94CAE}.MinSizeRel|Win32.Build.0 = MinSizeRel|Win32
		{556F44C4-CEC4-4F48-AC9C-E7CA65B94CAE}.RelWithDebInfo|Win32.ActiveCfg = RelWithDebInfo|Win32
		{556F44C4-CEC4-4F48-AC9C-E7CA65B94CAE}.RelWithDebInfo|Win32.Build.0 = RelWithDebInfo|Win32
		{76C14D74-A090-45F0-A8FB-33CDB8E0605F}.Debug|Win32.ActiveCfg = Debug|Win32
		{76C14D74-A090-45F0-A8FB-33CDB8E0605F}.Debug|Win32.Build.0 = Debug|Win32
		{76C14D74-A090-45F0-A8FB-33CDB8E0605F}.Release|Win32.ActiveCfg = Release|Win32
		{76C14D74-A090-45F0-A8FB-33CDB8E0605F}.Release|Win32.Build.0 = Release|Win32
		{76C14D74-A090-45F0-A8FB-33CDB8E0605F}.MinSizeRel|Win32.ActiveCfg = MinSizeRel|Win32
		{76C14D74-A090-45F0-A8FB-33CDB8E0605F}.MinSizeRel|Win32.Build.0 = MinSizeRel|Win32
		{76C14D74-A090-45F0-A8FB-33CDB8E0605F}.RelWithDebInfo|Win32.ActiveCfg = RelWithDebInfo|Win32
		{76C14D74-A090-45F0-A8FB-33CDB8E0605F}.RelWithDebInfo|Win32.Build.0 = RelWithDebInfo|Win32
		{63547181-DCEB-40C7-90F9-13989542E074}.Debug|Win32.ActiveCfg = Debug|Win32
		{63547181-DCEB-40C7-90F9-13989542E074}.Debug|Win32.Build.0 = Debug|Win32
		{63547181-DCEB-40C7-90F9-13989542E074}.Release|Win32.ActiveCfg = Release|Win32
		{63547181-DCEB-40C7-90F9-13989542E074}.Release|Win32.Build.0 = Release|Win32
		{63547181-DCEB-40C7-90F9-13989542E074}.MinSizeRel|Win32.ActiveCfg = MinSizeRel|Win32
		{63547181-DCEB-40C7-90F9-13989542E074}.MinSizeRel|Win32.Build.0 = MinSizeRel|Win32
		{63547181-DCEB-40C7-90F9-13989542E074}.RelWithDebInfo|Win32.ActiveCfg = RelWithDebInfo|Win32
		{63547181-DCEB-40C7-90F9-13989542E074}.RelWithDebInfo|Win32.Build.0 = RelWithDebInfo|Win32
		{94389DD0-9745-48EF-BC08-921CC6A62ED9}.Debug|Win32.ActiveCfg = Debug|Win32
		{94389DD0-9745-48EF-BC08-921CC6A62ED9}.Debug|Win32.Build.0 = Debug|Win32
		{94389DD0-9745-48EF-BC08-921CC6A62ED9}.Release|Win32.ActiveCfg = Release|Win32
		{94389DD0-9745-48EF-BC08-921CC6A62ED9}.Release|Win32.Build.0 = Release|Win32
		{94389DD0-9745-48EF-BC08-921CC6A62ED9}.MinSizeRel|Win32.ActiveCfg = MinSizeRel|Win32
		{94389DD0-9745-48EF-BC08-921CC6A62ED9}.MinSizeRel|Win32.Build.0 = MinSizeRel|Win32
		{94389DD0-9745-48EF-BC08-921CC6A62ED9}.RelWithDebInfo|Win32.ActiveCfg = RelWithDebInfo|Win32
		{94389DD0-9745-48EF-BC08-921CC6A62ED9}.RelWithDebInfo|Win32.Build.0 = RelWithDebInfo|Win32
		{3F193AC3-DF88-4425-81B5-DEF53F8F5D11}.Debug|Win32.ActiveCfg = Debug|Win32
		{3F193AC3-DF88-4425-81B5-DEF53F8F5D11}.Debug|Win32.Build.0 = Debug|Win32
		{3F193AC3-DF88-4425-81B5-DEF53F8F5D11}.Release|Win32.ActiveCfg = Release|Win32
		{3F193AC3-DF88-4425-81B5-DEF53F8F5D11}.Release|Win32.Build.0 = Release|Win32
		{3F193AC3-DF88-4425-81B5-DEF53F8F5D11}.MinSizeRel|Win32.ActiveCfg = MinSizeRel|Win32
		{3F193AC3-DF88-4425-81B5-DEF53F8F5D11}.MinSizeRel|Win32.Build.0 = MinSizeRel|Win32
		{3F193AC3-DF88-4425-81B5-DEF53F8F5D11}.RelWithDebInfo|Win32.ActiveCfg = RelWithDebInfo|Win32
		{3F193AC3-DF88-4425-81B5-DEF53F8F5D11}.RelWithDebInfo|Win32.Build.0 = RelWithDebInfo|Win32
		{FBF10366-DEB1-42D7-850D-A05BD8CBF1A6}.Debug|Win32.ActiveCfg = Debug|Win32
		{FBF10366-DEB1-42D7-850D-A05BD8CBF1A6}.Debug|Win32.Build.0 = Debug|Win32
		{FBF10366-DEB1-42D7-850D-A05BD8CBF1A6}.Release|Win32.ActiveCfg = Release|Win32
		{FBF10366-DEB1-42D7-850D-A05BD8CBF1A6}.Release|Win32.Build.0 = Release|Win32
		{FBF10366-DEB1-42D7-850D-A05BD8CBF1A6}.MinSizeRel|Win32.ActiveCfg = MinSizeRel|Win32
		{FBF10366-DEB1-42D7-850D-A05BD8CBF1A6}.MinSizeRel|Win32.Build.0 = MinSizeRel|Win32
		{FBF10366-DEB1-42D7-850D-A05BD8CBF1A6}.RelWithDebInfo|Win32.ActiveCfg = RelWithDebInfo|Win32
		{FBF10366-DEB1-42D7-850D-A05BD8CBF1A6}.RelWithDebInfo|Win32.Build.0 = RelWithDebInfo|Win32
		{A8243310-E94D-41DE-B3B1-CE0FA36DA90C}.Debug|Win32.ActiveCfg = Debug|Win32
		{A8243310-E94D-41DE-B3B1-CE0FA36DA90C}.Debug|Win32.Build.0 = Debug|Win32
		{A8243310-E94D-41DE-B3B1-CE0FA36DA90C}.Release|Win32.ActiveCfg = Release|Win32
		{A8243310-E94D-41DE-B3B1-CE0FA36DA90C}.Release|Win32.Build.0 = Release|Win32
		{A8243310-E94D-41DE-B3B1-CE0FA36DA90C}.MinSizeRel|Win32.ActiveCfg = MinSizeRel|Win32
		{A8243310-E94D-41DE-B3B1-CE0FA36DA90C}.MinSizeRel|Win32.Build.0 = MinSizeRel|Win32
		{A8243310-E94D-41DE-B3B1-CE0FA36DA90C}.RelWithDebInfo|Win32.ActiveCfg = RelWithDebInfo|Win32
		{A8243310-E94D-41DE-B3B1-CE0FA36DA90C}.RelWithDebInfo|Win32.Build.0 = RelWithDebInfo|Win32
		{53409205-3867-4415-B084-5E5CEFDBC30A}.Debug|Win32.ActiveCfg = Debug|Win32
		{53409205-3867-4415-B084-5E5CEFDBC30A}.Debug|Win32.Build.0 = Debug|Win32
		{53409205-3867-4415-B084-5E5CEFDBC30A}.Release|Win32.ActiveCfg = Release|Win32
		{53409205-3867-4415-B084-5E5CEFDBC30A}.Release|Win32.Build.0 = Release|Win32
		{53409205-3867-4415-B084-5E5CEFDBC30A}.MinSizeRel|Win32.ActiveCfg = MinSizeRel|Win32
		{53409205-3867-4415-B084-5E5CEFDBC30A}.MinSizeRel|Win32.Build.0 = MinSizeRel|Win32
		{53409205-3867-4415-B084-5E5CEFDBC30A}.RelWithDebInfo|Win32.ActiveCfg = RelWithDebInfo|Win32
		{53409205-3867-4415-B084-5E5CEFDBC30A}.RelWithDebInfo|Win32.Build.0 = RelWithDebInfo|Win32
		{2D7A05D6-6DDC-4527-9D45-3E9397C453CF}.Debug|Win32.ActiveCfg = Debug|Win32
		{2D7A05D6-6DDC-4527-9D45-3E9397C453CF}.Debug|Win32.Build.0 = Debug|Win32
		{2D7A05D6-6DDC-4527-9D45-3E9397C453CF}.Release|Win32.ActiveCfg = Release|Win32
		{2D7A05D6-6DDC-4527-9D45-3E9397C453CF}.Release|Win32.Build.0 = Release|Win32
		{2D7A05D6-6DDC-4527-9D45-3E9397C453CF}.MinSizeRel|Win32.ActiveCfg = MinSizeRel|Win32
		{2D7A05D6-6DDC-4527-9D45-3E9397C453CF}.MinSizeRel|Win32.Build.0 = MinSizeRel|Win32
		{2D7A05D6-6DDC-4527-9D45-3E9397C453CF}.RelWithDebInfo|Win32.ActiveCfg = RelWithDebInfo|Win32
		{2D7A05D6-6DDC-4527-9D45-3E9397C453CF}.RelWithDebInfo|Win32.Build.0 = RelWithDebInfo|Win32
		{4F53EE97-6538-4F49-BE5F-92421E3EF2C6}.Debug|Win32.ActiveCfg = Debug|Win32
		{4F53EE97-6538-4F49-BE5F-92421E3EF2C6}.Debug|Win32.Build.0 = Debug|Win32
		{4F53EE97-6538-4F49-BE5F-92421E3EF2C6}.Release|Win32.ActiveCfg = Release|Win32
		{4F53EE97-6538-4F49-BE5F-92421E3EF2C6}.Release|Win32.Build.0 = Release|Win32
		{4F53EE97-6538-4F49-BE5F-92421E3EF2C6}.MinSizeRel|Win32.ActiveCfg = MinSizeRel|Win32
		{4F53EE97-6538-4F49-BE5F-92421E3EF2C6}.MinSizeRel|Win32.Build.0 = MinSizeRel|Win32
		{4F53EE97-6538-4F49-BE5F-92421E3EF2C6}.RelWithDebInfo|Win32.ActiveCfg = RelWithDebInfo|Win32
		{4F53EE97-6538-4F49-BE5F-92421E3EF2C6}.RelWithDebInfo|Win32.Build.0 = RelWithDebInfo|Win32
		{5DF4E7E1-3E3D-4635-BF10-0943667FAACF}.Debug|Win32.ActiveCfg = Debug|Win32
		{5DF4E7E1-3E3D-4635-BF10-0943667FAACF}.Debug|Win32.Build.0 = Debug|Win32
		{5DF4E7E1-3E3D-4635-BF10-0943667FAACF}.Release|Win32.ActiveCfg = Release|Win32
		{5DF4E7E1-3E3D-4635-BF10-0943667FAACF}.Release|Win32.Build.0 = Release|Win32
		{5DF4E7E1-3E3D-4635-BF10-0943667FAACF}.MinSizeRel|Win32.ActiveCfg = MinSizeRel|Win32
		{5DF4E7E1-3E3D-4635-BF10-0943667FAACF}.MinSizeRel|Win32.Build.0 = MinSizeRel|Win32
		{5DF4E7E1-3E3D-4635-BF10-0943667FAACF}.RelWithDebInfo|Win32.ActiveCfg = RelWithDebInfo|Win32
		{5DF4E7E1-3E3D-4635-BF10-0943667FAACF}.RelWithDebInfo|Win32.Build.0 = RelWithDebInfo|Win32
		{0B30DBF2-7702-4B6E-AD5E-3CFAD9112633}.Debug|Win32.ActiveCfg = Debug|Win32
		{0B30DBF2-7702-4B6E-AD5E-3CFAD9112633}.Debug|Win32.Build.0 = Debug|Win32
		{0B30DBF2-7702-4B6E-AD5E-3CFAD9112633}.Release|Win32.ActiveCfg = Release|Win32
		{0B30DBF2-7702-4B6E-AD5E-3CFAD9112633}.Release|Win32.Build.0 = Release|Win32
		{0B30DBF2-7702-4B6E-AD5E-3CFAD9112633}.MinSizeRel|Win32.ActiveCfg = MinSizeRel|Win32
		{0B30DBF2-7702-4B6E-AD5E-3CFAD9112633}.MinSizeRel|Win32.Build.0 = MinSizeRel|Win32
		{0B30DBF2-7702-4B6E-AD5E-3CFAD9112633}.RelWithDebInfo|Win32.ActiveCfg = RelWithDebInfo|Win32
		{0B30DBF2-7702-4B6E-AD5E-3CFAD9112633}.RelWithDebInfo|Win32.Build.0 = RelWithDebInfo|Win32
		{83D70332-CBBA-4E1C-B86A-4C24914A7873}.Debug|Win32.ActiveCfg = Debug|Win32
		{83D70332-CBBA-4E1C-B86A-4C24914A7873}.Debug|Win32.Build.0 = Debug|Win32
		{83D70332-CBBA-4E1C-B86A-4C24914A7873}.Release|Win32.ActiveCfg = Release|Win32
		{83D70332-CBBA-4E1C-B86A-4C24914A7873}.Release|Win32.Build.0 = Release|Win32
		{83D70332-CBBA-4E1C-B86A-4C24914A7873}.MinSizeRel|Win32.ActiveCfg = MinSizeRel|Win32
		{83D70332-CBBA-4E1C-B86A-4C24914A7873}.MinSizeRel|Win32.Build.0 = MinSizeRel|Win32
		{83D70332-CBBA-4E1C-B86A-4C24914A7873}.RelWithDebInfo|Win32.ActiveCfg = RelWithDebInfo|Win32
		{83D70332-CBBA-4E1C-B86A-4C24914A7873}.RelWithDebInfo|Win32.Build.0 = RelWithDebInfo|Win32
		{419B2B8F-14BA-4434-B87B-52B34AD5213B}.Debug|Win32.ActiveCfg = Debug|Win32
		{419B2B8F-14BA-4434-B87B-52B34AD5213B}.Debug|Win32.Build.0 = Debug|Win32
		{419B2B8F-14BA-4434-B87B-52B34AD5213B}.Release|Win32.ActiveCfg = Release|Win32
		{419B2B8F-14BA-4434-B87B-52B34AD5213B}.Release|Win32.Build.0 = Release|Win32
		{419B2B8F-14BA-4434-B87B-52B34AD5213B}.MinSizeRel|Win32.ActiveCfg = MinSizeRel|Win32
		{419B2B8F-14BA-4434-B87B-52B34AD5213B}.MinSizeRel|Win32.Build.0 = MinSizeRel|Win32
		{419B2B8F-14BA-4434-B87B-52B34AD5213B}.RelWithDebInfo|Win32.ActiveCfg = RelWithDebInfo|Win32
		{419B2B8F-14BA-4434-B87B-52B34AD5213B}.RelWithDebInfo|Win32.Build.0 = RelWithDebInfo|Win32
		{1DA2A1BE-5BB2-495D-9BA8-A56C9E933378}.Debug|Win32.ActiveCfg = Debug|Win32
		{1DA2A1BE-5BB2-495D-9BA8-A56C9E933378}.Release|Win32.ActiveCfg = Release|Win32
		{1DA2A1BE-5BB2-495D-9BA8-A56C9E933378}.MinSizeRel|Win32.ActiveCfg = MinSizeRel|Win32
		{1DA2A1BE-5BB2-495D-9BA8-A56C9E933378}.RelWithDebInfo|Win32.ActiveCfg = RelWithDebInfo|Win32
		{B9A24A15-0EDF-4D6A-A9B3-F4CF7619DF1E}.Debug|Win32.ActiveCfg = Debug|Win32
		{B9A24A15-0EDF-4D6A-A9B3-F4CF7619DF1E}.Debug|Win32.Build.0 = Debug|Win32
		{B9A24A15-0EDF-4D6A-A9B3-F4CF7619DF1E}.Release|Win32.ActiveCfg = Release|Win32
		{B9A24A15-0EDF-4D6A-A9B3-F4CF7619DF1E}.Release|Win32.Build.0 = Release|Win32
		{B9A24A15-0EDF-4D6A-A9B3-F4CF7619DF1E}.MinSizeRel|Win32.ActiveCfg = MinSizeRel|Win32
		{B9A24A15-0EDF-4D6A-A9B3-F4CF7619DF1E}.MinSizeRel|Win32.Build.0 = MinSizeRel|Win32
		{B9A24A15-0EDF-4D6A-A9B3-F4CF7619DF1E}.RelWithDebInfo|Win32.ActiveCfg = RelWithDebInfo|Win32
		{B9A24A15-0EDF-4D6A-A9B3-F4CF7619DF1E}.RelWithDebInfo|Win32.Build.0 = RelWithDebInfo|Win32
		{EC40B2FA-142E-4504-8DC2-7104058CB1D2}.Debug|Win32.ActiveCfg = Debug|Win32
		{EC40B2FA-142E-4504-8DC2-7104058CB1D2}.Debug|Win32.Build.0 = Debug|Win32
		{EC40B2FA-142E-4504-8DC2-7104058CB1D2}.Release|Win32.ActiveCfg = Release|Win32
		{EC40B2FA-142E-4504-8DC2-7104058CB1D2}.Release|Win32.Build.0 = Release|Win32
		{EC40B2FA-142E-4504-8DC2-7104058CB1D2}.MinSizeRel|Win32.ActiveCfg = MinSizeRel|Win32
		{EC40B2FA-142E-4504-8DC2-7104058CB1D2}.MinSizeRel|Win32.Build.0 = MinSizeRel|Win32
		{EC40B2FA-142E-4504-8DC2-7104058CB1D2}.RelWithDebInfo|Win32.ActiveCfg = RelWithDebInfo|Win32
		{EC40B2FA-142E-4504-8DC2-7104058CB1D2}.RelWithDebInfo|Win32.Build.0 = RelWithDebInfo|Win32
	EndGlobalSection
	GlobalSection(NestedProjects) = preSolution
		{9D494AD6-FB12-4431-88F3-8209CD7FD897} = {8317F03B-D782-48E9-8A00-0D5A897E4718}
		{7F552315-672C-40E7-98FB-69BFA25A9442} = {8317F03B-D782-48E9-8A00-0D5A897E4718}
		{AA69E960-F202-4EC6-911F-F5EF7C6A3EAF} = {9AEFE637-F377-4578-8DB8-9AC675293ECF}
		{1BED8A7F-6DBE-457C-930D-8822E5058A16} = {9AEFE637-F377-4578-8DB8-9AC675293ECF}
		{004A6967-275D-4324-A511-6B0BCA415F48} = {9AEFE637-F377-4578-8DB8-9AC675293ECF}
		{288FD9EF-CFE9-4521-AC63-3BE76EA7B5BA} = {AA69E960-F202-4EC6-911F-F5EF7C6A3EAF}
		{F49E0909-D75C-45F1-AA7E-0CDF145A622A} = {AA69E960-F202-4EC6-911F-F5EF7C6A3EAF}
		{76C14D74-A090-45F0-A8FB-33CDB8E0605F} = {AA69E960-F202-4EC6-911F-F5EF7C6A3EAF}
		{A8243310-E94D-41DE-B3B1-CE0FA36DA90C} = {AA69E960-F202-4EC6-911F-F5EF7C6A3EAF}
		{4F53EE97-6538-4F49-BE5F-92421E3EF2C6} = {AA69E960-F202-4EC6-911F-F5EF7C6A3EAF}
		{5DF4E7E1-3E3D-4635-BF10-0943667FAACF} = {AA69E960-F202-4EC6-911F-F5EF7C6A3EAF}
		{B9A24A15-0EDF-4D6A-A9B3-F4CF7619DF1E} = {AA69E960-F202-4EC6-911F-F5EF7C6A3EAF}
		{A82749E7-5F72-4332-9D33-5D473FBD8DC9} = {1BED8A7F-6DBE-457C-930D-8822E5058A16}
		{FF0F67B3-6427-4642-9993-AF9E8544CD02} = {1BED8A7F-6DBE-457C-930D-8822E5058A16}
		{F6C33EB6-9BE0-4376-834D-76780773F658} = {1BED8A7F-6DBE-457C-930D-8822E5058A16}
		{FCE1B20B-1659-4025-8B69-6C6D410E1D77} = {1BED8A7F-6DBE-457C-930D-8822E5058A16}
		{D6EB38D2-3B0E-46D1-BB9F-66B11533941B} = {1BED8A7F-6DBE-457C-930D-8822E5058A16}
		{556F44C4-CEC4-4F48-AC9C-E7CA65B94CAE} = {1BED8A7F-6DBE-457C-930D-8822E5058A16}
		{63547181-DCEB-40C7-90F9-13989542E074} = {1BED8A7F-6DBE-457C-930D-8822E5058A16}
		{94389DD0-9745-48EF-BC08-921CC6A62ED9} = {1BED8A7F-6DBE-457C-930D-8822E5058A16}
		{3F193AC3-DF88-4425-81B5-DEF53F8F5D11} = {1BED8A7F-6DBE-457C-930D-8822E5058A16}
		{FBF10366-DEB1-42D7-850D-A05BD8CBF1A6} = {1BED8A7F-6DBE-457C-930D-8822E5058A16}
		{53409205-3867-4415-B084-5E5CEFDBC30A} = {1BED8A7F-6DBE-457C-930D-8822E5058A16}
		{2D7A05D6-6DDC-4527-9D45-3E9397C453CF} = {1BED8A7F-6DBE-457C-930D-8822E5058A16}
		{0B30DBF2-7702-4B6E-AD5E-3CFAD9112633} = {1BED8A7F-6DBE-457C-930D-8822E5058A16}
		{83D70332-CBBA-4E1C-B86A-4C24914A7873} = {1BED8A7F-6DBE-457C-930D-8822E5058A16}
		{419B2B8F-14BA-4434-B87B-52B34AD5213B} = {1BED8A7F-6DBE-457C-930D-8822E5058A16}
		{EC40B2FA-142E-4504-8DC2-7104058CB1D2} = {1BED8A7F-6DBE-457C-930D-8822E5058A16}
	EndGlobalSection
	GlobalSection(ExtensibilityGlobals) = postSolution
	EndGlobalSection
	GlobalSection(ExtensibilityAddIns) = postSolution
	EndGlobalSection
EndGlobal
