<?xml version="1.0" encoding="UTF-8"?>
<Project ToolsVersion="14.0" xmlns="http://schemas.microsoft.com/developer/msbuild/2003">
  <ItemGroup>
    <ClCompile Include="E:\DOCS\00MyFiles\DevProjects\GitHubClones\glfw\examples\particles.c">
      <Filter>Source Files</Filter>
    </ClCompile>
    <ClCompile Include="E:\DOCS\00MyFiles\DevProjects\GitHubClones\glfw\deps\tinycthread.c">
      <Filter>Source Files</Filter>
    </ClCompile>
    <ClCompile Include="E:\DOCS\00MyFiles\DevProjects\GitHubClones\glfw\deps\getopt.c">
      <Filter>Source Files</Filter>
    </ClCompile>
  </ItemGroup>
  <ItemGroup>
    <ClInclude Include="E:\DOCS\00MyFiles\DevProjects\GitHubClones\glfw\deps\tinycthread.h">
      <Filter>Header Files</Filter>
    </ClInclude>
    <ClInclude Include="E:\DOCS\00MyFiles\DevProjects\GitHubClones\glfw\deps\getopt.h">
      <Filter>Header Files</Filter>
    </ClInclude>
  </ItemGroup>
  <ItemGroup>
    <CustomBuild Include="E:\DOCS\00MyFiles\DevProjects\GitHubClones\glfw\examples\CMakeLists.txt" />
  </ItemGroup>
  <ItemGroup>
    <Filter Include="Source Files">
      <UniqueIdentifier>{34ECA78D-1140-45D3-B9D4-415BB7A69BBB}</UniqueIdentifier>
    </Filter>
    <Filter Include="Header Files">
      <UniqueIdentifier>{9748AE41-11C6-40CE-A088-5AB92611CD8B}</UniqueIdentifier>
    </Filter>
  </ItemGroup>
</Project>
